
Microsoft Visual Studio Solution File, Format Version 11.00
# Visual Studio 2010
Project("{FAE04EC0-301F-11D3-BF4B-00C04F79EFBC}") = "FSP.MAST.Scripts", "FSP.MAST.Scripts.csproj", "{EA31FB66-D1C9-F647-CC80-A6BD83BE06E3}"
EndProject
Project("{FAE04EC0-301F-11D3-BF4B-00C04F79EFBC}") = "Assembly-CSharp", "Assembly-CSharp.csproj", "{5769E9D0-9A62-88F8-4F2C-602269A6F3B8}"
EndProject
Project("{FAE04EC0-301F-11D3-BF4B-00C04F79EFBC}") = "Assembly-CSharp-Editor", "Assembly-CSharp-Editor.csproj", "{12EFDB5D-FD8A-3D2E-6193-00F923950765}"
EndProject
Global
	GlobalSection(SolutionConfigurationPlatforms) = preSolution
		Debug|Any CPU = Debug|Any CPU
		Release|Any CPU = Release|Any CPU
	EndGlobalSection
	GlobalSection(ProjectConfigurationPlatforms) = postSolution
		{EA31FB66-D1C9-F647-CC80-A6BD83BE06E3}.Debug|Any CPU.ActiveCfg = Debug|Any CPU
		{EA31FB66-D1C9-F647-CC80-A6BD83BE06E3}.Debug|Any CPU.Build.0 = Debug|Any CPU
		{EA31FB66-D1C9-F647-CC80-A6BD83BE06E3}.Release|Any CPU.ActiveCfg = Release|Any CPU
		{EA31FB66-D1C9-F647-CC80-A6BD83BE06E3}.Release|Any CPU.Build.0 = Release|Any CPU
		{5769E9D0-9A62-88F8-4F2C-602269A6F3B8}.Debug|Any CPU.ActiveCfg = Debug|Any CPU
		{5769E9D0-9A62-88F8-4F2C-602269A6F3B8}.Debug|Any CPU.Build.0 = Debug|Any CPU
		{5769E9D0-9A62-88F8-4F2C-602269A6F3B8}.Release|Any CPU.ActiveCfg = Release|Any CPU
		{5769E9D0-9A62-88F8-4F2C-602269A6F3B8}.Release|Any CPU.Build.0 = Release|Any CPU
		{12EFDB5D-FD8A-3D2E-6193-00F923950765}.Debug|Any CPU.ActiveCfg = Debug|Any CPU
		{12EFDB5D-FD8A-3D2E-6193-00F923950765}.Debug|Any CPU.Build.0 = Debug|Any CPU
		{12EFDB5D-FD8A-3D2E-6193-00F923950765}.Release|Any CPU.ActiveCfg = Release|Any CPU
		{12EFDB5D-FD8A-3D2E-6193-00F923950765}.Release|Any CPU.Build.0 = Release|Any CPU
	EndGlobalSection
	GlobalSection(SolutionProperties) = preSolution
		HideSolutionNode = FALSE
	EndGlobalSection
EndGlobal
