
Microsoft Visual Studio Solution File, Format Version 12.00
# Visual Studio 15
Project("{FAE04EC0-301F-11D3-BF4B-00C04F79EFBC}") = "UnityEngine.TestRunner", "UnityEngine.TestRunner.csproj", "{8906DDE7-7DD9-A76C-ED36-CFF2DB66D371}"
EndProject
Project("{FAE04EC0-301F-11D3-BF4B-00C04F79EFBC}") = "FSP.MAST.Scripts", "FSP.MAST.Scripts.csproj", "{EA31FB66-D1C9-F647-CC80-A6BD83BE06E3}"
EndProject
Project("{FAE04EC0-301F-11D3-BF4B-00C04F79EFBC}") = "Unity.Timeline", "Unity.Timeline.csproj", "{8A46DA41-205D-BFBD-DA2D-B25E36161562}"
EndProject
Project("{FAE04EC0-301F-11D3-BF4B-00C04F79EFBC}") = "UnityEngine.UI", "UnityEngine.UI.csproj", "{8A43F5C5-F158-F1E8-A339-B5B2188CC5D5}"
EndProject
Project("{FAE04EC0-301F-11D3-BF4B-00C04F79EFBC}") = "Unity.ProBuilder", "Unity.ProBuilder.csproj", "{0DFFB1FD-B9EC-9767-17C0-674AEE3E0B06}"
EndProject
Project("{FAE04EC0-301F-11D3-BF4B-00C04F79EFBC}") = "Unity.TextMeshPro", "Unity.TextMeshPro.csproj", "{DB22981B-160D-10A6-E569-959955480155}"
EndProject
Project("{FAE04EC0-301F-11D3-BF4B-00C04F79EFBC}") = "Unity.ProBuilder.Poly2Tri", "Unity.ProBuilder.Poly2Tri.csproj", "{AF5DE6EB-2DFA-8C37-458A-DCF42D02E74C}"
EndProject
Project("{FAE04EC0-301F-11D3-BF4B-00C04F79EFBC}") = "Unity.ProGrids", "Unity.ProGrids.csproj", "{B589FFC2-041E-447E-86C9-AD8CB6C1A1FC}"
EndProject
Project("{FAE04EC0-301F-11D3-BF4B-00C04F79EFBC}") = "Unity.ProBuilder.Csg", "Unity.ProBuilder.Csg.csproj", "{A70BFDFD-24D6-2D95-B30E-977B0DB664DC}"
EndProject
Project("{FAE04EC0-301F-11D3-BF4B-00C04F79EFBC}") = "Unity.ProBuilder.KdTree", "Unity.ProBuilder.KdTree.csproj", "{9F7B285D-1B57-9342-5EF1-1A4D261CFE9E}"
EndProject
Project("{FAE04EC0-301F-11D3-BF4B-00C04F79EFBC}") = "Unity.ProBuilder.Stl", "Unity.ProBuilder.Stl.csproj", "{9E3A45FC-ABCE-324C-2A3A-6024F44A871D}"
EndProject
Project("{FAE04EC0-301F-11D3-BF4B-00C04F79EFBC}") = "Assembly-CSharp", "Assembly-CSharp.csproj", "{5769E9D0-9A62-88F8-4F2C-602269A6F3B8}"
EndProject
Project("{FAE04EC0-301F-11D3-BF4B-00C04F79EFBC}") = "UnityEditor.TestRunner", "UnityEditor.TestRunner.csproj", "{EF970424-7CEC-4D2F-83C3-8E4CAD20E88E}"
EndProject
Project("{FAE04EC0-301F-11D3-BF4B-00C04F79EFBC}") = "Unity.ProBuilder.Editor", "Unity.ProBuilder.Editor.csproj", "{2D912C21-C1DD-0029-B00B-5BE559FBBFF9}"
EndProject
Project("{FAE04EC0-301F-11D3-BF4B-00C04F79EFBC}") = "UnityEditor.UI", "UnityEditor.UI.csproj", "{AFE3C01B-B07C-416B-3208-43E091375026}"
EndProject
Project("{FAE04EC0-301F-11D3-BF4B-00C04F79EFBC}") = "Unity.Timeline.Editor", "Unity.Timeline.Editor.csproj", "{75EF1FDB-4067-4676-DB93-97C9FADD5383}"
EndProject
Project("{FAE04EC0-301F-11D3-BF4B-00C04F79EFBC}") = "Unity.VisualStudio.Editor", "Unity.VisualStudio.Editor.csproj", "{4BBB35BD-A480-6973-30CA-B320C1C43EB6}"
EndProject
Project("{FAE04EC0-301F-11D3-BF4B-00C04F79EFBC}") = "Unity.TextMeshPro.Editor", "Unity.TextMeshPro.Editor.csproj", "{4EE7EC40-E2C1-62EF-A605-C5A1078A289A}"
EndProject
Project("{FAE04EC0-301F-11D3-BF4B-00C04F79EFBC}") = "Unity.CollabProxy.Editor", "Unity.CollabProxy.Editor.csproj", "{E8801BA8-6608-23D8-A555-678A908C80BE}"
EndProject
Project("{FAE04EC0-301F-11D3-BF4B-00C04F79EFBC}") = "Unity.Rider.Editor", "Unity.Rider.Editor.csproj", "{52150194-0F8C-5CFE-3AE6-4DD2950A08E8}"
EndProject
Project("{FAE04EC0-301F-11D3-BF4B-00C04F79EFBC}") = "Unity.ProGrids.Editor", "Unity.ProGrids.Editor.csproj", "{642578C6-C60F-18EF-0968-94AB494AD705}"
EndProject
Project("{FAE04EC0-301F-11D3-BF4B-00C04F79EFBC}") = "Unity.VSCode.Editor", "Unity.VSCode.Editor.csproj", "{CB020F61-E8AE-45FA-D854-7EBA300462B4}"
EndProject
Project("{FAE04EC0-301F-11D3-BF4B-00C04F79EFBC}") = "Unity.ProBuilder.AssetIdRemapUtility", "Unity.ProBuilder.AssetIdRemapUtility.csproj", "{FDB6B9F8-3C1C-25A8-3CA1-73E73DFF441B}"
EndProject
Project("{FAE04EC0-301F-11D3-BF4B-00C04F79EFBC}") = "Unity.Settings.Editor", "Unity.Settings.Editor.csproj", "{C19224A8-2427-0A1A-C001-3DF7088C6E15}"
EndProject
Project("{FAE04EC0-301F-11D3-BF4B-00C04F79EFBC}") = "Unity.ProBuilder.AddOns.Editor", "Unity.ProBuilder.AddOns.Editor.csproj", "{E1C35CBD-233C-20AE-9CD7-50F39C4857C9}"
EndProject
Project("{FAE04EC0-301F-11D3-BF4B-00C04F79EFBC}") = "Assembly-CSharp-Editor", "Assembly-CSharp-Editor.csproj", "{12EFDB5D-FD8A-3D2E-6193-00F923950765}"
EndProject
Project("{FAE04EC0-301F-11D3-BF4B-00C04F79EFBC}") = "UnityEngine.TestRunner", "UnityEngine.TestRunner.Player.csproj", "{FC988D0A-4758-48E4-A5C7-172E0E147811}"
EndProject
Project("{FAE04EC0-301F-11D3-BF4B-00C04F79EFBC}") = "FSP.MAST.Scripts", "FSP.MAST.Scripts.Player.csproj", "{F7F74A10-30DB-7C78-0672-46345D24A76C}"
EndProject
Project("{FAE04EC0-301F-11D3-BF4B-00C04F79EFBC}") = "Unity.Timeline", "Unity.Timeline.Player.csproj", "{A64E779D-5F25-5E9F-D335-1571DE1A9B1B}"
EndProject
Project("{FAE04EC0-301F-11D3-BF4B-00C04F79EFBC}") = "UnityEngine.UI", "UnityEngine.UI.Player.csproj", "{69DC4486-8CF5-9F2C-CBC3-F90FBC511B63}"
EndProject
Project("{FAE04EC0-301F-11D3-BF4B-00C04F79EFBC}") = "Unity.ProBuilder", "Unity.ProBuilder.Player.csproj", "{D725AC23-90EC-CC24-2C70-4A45A7D0BFD5}"
EndProject
Project("{FAE04EC0-301F-11D3-BF4B-00C04F79EFBC}") = "Unity.TextMeshPro", "Unity.TextMeshPro.Player.csproj", "{8E4C681B-4239-EEC1-BE04-2602CCB3C3D2}"
EndProject
Project("{FAE04EC0-301F-11D3-BF4B-00C04F79EFBC}") = "Unity.ProBuilder.Poly2Tri", "Unity.ProBuilder.Poly2Tri.Player.csproj", "{9A304209-6D4A-1615-BC69-9E3ABAF88BED}"
EndProject
Project("{FAE04EC0-301F-11D3-BF4B-00C04F79EFBC}") = "Unity.ProGrids", "Unity.ProGrids.Player.csproj", "{6C6DCB0E-34F1-03D4-DA72-EC36ADD778D5}"
EndProject
Project("{FAE04EC0-301F-11D3-BF4B-00C04F79EFBC}") = "Unity.ProBuilder.Csg", "Unity.ProBuilder.Csg.Player.csproj", "{743E5715-5097-1454-5E77-8D4ECA2A0EAE}"
EndProject
Project("{FAE04EC0-301F-11D3-BF4B-00C04F79EFBC}") = "Unity.ProBuilder.KdTree", "Unity.ProBuilder.KdTree.Player.csproj", "{F870B8A4-E6B6-28BF-BDB0-9B8E4E6355BB}"
EndProject
Project("{FAE04EC0-301F-11D3-BF4B-00C04F79EFBC}") = "Unity.ProBuilder.Stl", "Unity.ProBuilder.Stl.Player.csproj", "{45C41B65-46C3-1110-EE40-5895EFA9BC02}"
EndProject
Project("{FAE04EC0-301F-11D3-BF4B-00C04F79EFBC}") = "Assembly-CSharp", "Assembly-CSharp.Player.csproj", "{42E35444-C47D-0CF8-ED2C-AFEA0ED53536}"
EndProject
Global
	GlobalSection(SolutionConfigurationPlatforms) = preSolution
		Debug|Any CPU = Debug|Any CPU
		Release|Any CPU = Release|Any CPU
	EndGlobalSection
	GlobalSection(ProjectConfigurationPlatforms) = postSolution
		{8906DDE7-7DD9-A76C-ED36-CFF2DB66D371}.Debug|Any CPU.ActiveCfg = Debug|Any CPU
		{8906DDE7-7DD9-A76C-ED36-CFF2DB66D371}.Debug|Any CPU.Build.0 = Debug|Any CPU
		{8906DDE7-7DD9-A76C-ED36-CFF2DB66D371}.Release|Any CPU.ActiveCfg = Release|Any CPU
		{8906DDE7-7DD9-A76C-ED36-CFF2DB66D371}.Release|Any CPU.Build.0 = Release|Any CPU
		{EA31FB66-D1C9-F647-CC80-A6BD83BE06E3}.Debug|Any CPU.ActiveCfg = Debug|Any CPU
		{EA31FB66-D1C9-F647-CC80-A6BD83BE06E3}.Debug|Any CPU.Build.0 = Debug|Any CPU
		{EA31FB66-D1C9-F647-CC80-A6BD83BE06E3}.Release|Any CPU.ActiveCfg = Release|Any CPU
		{EA31FB66-D1C9-F647-CC80-A6BD83BE06E3}.Release|Any CPU.Build.0 = Release|Any CPU
		{8A46DA41-205D-BFBD-DA2D-B25E36161562}.Debug|Any CPU.ActiveCfg = Debug|Any CPU
		{8A46DA41-205D-BFBD-DA2D-B25E36161562}.Debug|Any CPU.Build.0 = Debug|Any CPU
		{8A46DA41-205D-BFBD-DA2D-B25E36161562}.Release|Any CPU.ActiveCfg = Release|Any CPU
		{8A46DA41-205D-BFBD-DA2D-B25E36161562}.Release|Any CPU.Build.0 = Release|Any CPU
		{8A43F5C5-F158-F1E8-A339-B5B2188CC5D5}.Debug|Any CPU.ActiveCfg = Debug|Any CPU
		{8A43F5C5-F158-F1E8-A339-B5B2188CC5D5}.Debug|Any CPU.Build.0 = Debug|Any CPU
		{8A43F5C5-F158-F1E8-A339-B5B2188CC5D5}.Release|Any CPU.ActiveCfg = Release|Any CPU
		{8A43F5C5-F158-F1E8-A339-B5B2188CC5D5}.Release|Any CPU.Build.0 = Release|Any CPU
		{0DFFB1FD-B9EC-9767-17C0-674AEE3E0B06}.Debug|Any CPU.ActiveCfg = Debug|Any CPU
		{0DFFB1FD-B9EC-9767-17C0-674AEE3E0B06}.Debug|Any CPU.Build.0 = Debug|Any CPU
		{0DFFB1FD-B9EC-9767-17C0-674AEE3E0B06}.Release|Any CPU.ActiveCfg = Release|Any CPU
		{0DFFB1FD-B9EC-9767-17C0-674AEE3E0B06}.Release|Any CPU.Build.0 = Release|Any CPU
		{DB22981B-160D-10A6-E569-959955480155}.Debug|Any CPU.ActiveCfg = Debug|Any CPU
		{DB22981B-160D-10A6-E569-959955480155}.Debug|Any CPU.Build.0 = Debug|Any CPU
		{DB22981B-160D-10A6-E569-959955480155}.Release|Any CPU.ActiveCfg = Release|Any CPU
		{DB22981B-160D-10A6-E569-959955480155}.Release|Any CPU.Build.0 = Release|Any CPU
		{AF5DE6EB-2DFA-8C37-458A-DCF42D02E74C}.Debug|Any CPU.ActiveCfg = Debug|Any CPU
		{AF5DE6EB-2DFA-8C37-458A-DCF42D02E74C}.Debug|Any CPU.Build.0 = Debug|Any CPU
		{AF5DE6EB-2DFA-8C37-458A-DCF42D02E74C}.Release|Any CPU.ActiveCfg = Release|Any CPU
		{AF5DE6EB-2DFA-8C37-458A-DCF42D02E74C}.Release|Any CPU.Build.0 = Release|Any CPU
		{B589FFC2-041E-447E-86C9-AD8CB6C1A1FC}.Debug|Any CPU.ActiveCfg = Debug|Any CPU
		{B589FFC2-041E-447E-86C9-AD8CB6C1A1FC}.Debug|Any CPU.Build.0 = Debug|Any CPU
		{B589FFC2-041E-447E-86C9-AD8CB6C1A1FC}.Release|Any CPU.ActiveCfg = Release|Any CPU
		{B589FFC2-041E-447E-86C9-AD8CB6C1A1FC}.Release|Any CPU.Build.0 = Release|Any CPU
		{A70BFDFD-24D6-2D95-B30E-977B0DB664DC}.Debug|Any CPU.ActiveCfg = Debug|Any CPU
		{A70BFDFD-24D6-2D95-B30E-977B0DB664DC}.Debug|Any CPU.Build.0 = Debug|Any CPU
		{A70BFDFD-24D6-2D95-B30E-977B0DB664DC}.Release|Any CPU.ActiveCfg = Release|Any CPU
		{A70BFDFD-24D6-2D95-B30E-977B0DB664DC}.Release|Any CPU.Build.0 = Release|Any CPU
		{9F7B285D-1B57-9342-5EF1-1A4D261CFE9E}.Debug|Any CPU.ActiveCfg = Debug|Any CPU
		{9F7B285D-1B57-9342-5EF1-1A4D261CFE9E}.Debug|Any CPU.Build.0 = Debug|Any CPU
		{9F7B285D-1B57-9342-5EF1-1A4D261CFE9E}.Release|Any CPU.ActiveCfg = Release|Any CPU
		{9F7B285D-1B57-9342-5EF1-1A4D261CFE9E}.Release|Any CPU.Build.0 = Release|Any CPU
		{9E3A45FC-ABCE-324C-2A3A-6024F44A871D}.Debug|Any CPU.ActiveCfg = Debug|Any CPU
		{9E3A45FC-ABCE-324C-2A3A-6024F44A871D}.Debug|Any CPU.Build.0 = Debug|Any CPU
		{9E3A45FC-ABCE-324C-2A3A-6024F44A871D}.Release|Any CPU.ActiveCfg = Release|Any CPU
		{9E3A45FC-ABCE-324C-2A3A-6024F44A871D}.Release|Any CPU.Build.0 = Release|Any CPU
		{5769E9D0-9A62-88F8-4F2C-602269A6F3B8}.Debug|Any CPU.ActiveCfg = Debug|Any CPU
		{5769E9D0-9A62-88F8-4F2C-602269A6F3B8}.Debug|Any CPU.Build.0 = Debug|Any CPU
		{5769E9D0-9A62-88F8-4F2C-602269A6F3B8}.Release|Any CPU.ActiveCfg = Release|Any CPU
		{5769E9D0-9A62-88F8-4F2C-602269A6F3B8}.Release|Any CPU.Build.0 = Release|Any CPU
		{EF970424-7CEC-4D2F-83C3-8E4CAD20E88E}.Debug|Any CPU.ActiveCfg = Debug|Any CPU
		{EF970424-7CEC-4D2F-83C3-8E4CAD20E88E}.Debug|Any CPU.Build.0 = Debug|Any CPU
		{EF970424-7CEC-4D2F-83C3-8E4CAD20E88E}.Release|Any CPU.ActiveCfg = Release|Any CPU
		{EF970424-7CEC-4D2F-83C3-8E4CAD20E88E}.Release|Any CPU.Build.0 = Release|Any CPU
		{2D912C21-C1DD-0029-B00B-5BE559FBBFF9}.Debug|Any CPU.ActiveCfg = Debug|Any CPU
		{2D912C21-C1DD-0029-B00B-5BE559FBBFF9}.Debug|Any CPU.Build.0 = Debug|Any CPU
		{2D912C21-C1DD-0029-B00B-5BE559FBBFF9}.Release|Any CPU.ActiveCfg = Release|Any CPU
		{2D912C21-C1DD-0029-B00B-5BE559FBBFF9}.Release|Any CPU.Build.0 = Release|Any CPU
		{AFE3C01B-B07C-416B-3208-43E091375026}.Debug|Any CPU.ActiveCfg = Debug|Any CPU
		{AFE3C01B-B07C-416B-3208-43E091375026}.Debug|Any CPU.Build.0 = Debug|Any CPU
		{AFE3C01B-B07C-416B-3208-43E091375026}.Release|Any CPU.ActiveCfg = Release|Any CPU
		{AFE3C01B-B07C-416B-3208-43E091375026}.Release|Any CPU.Build.0 = Release|Any CPU
		{75EF1FDB-4067-4676-DB93-97C9FADD5383}.Debug|Any CPU.ActiveCfg = Debug|Any CPU
		{75EF1FDB-4067-4676-DB93-97C9FADD5383}.Debug|Any CPU.Build.0 = Debug|Any CPU
		{75EF1FDB-4067-4676-DB93-97C9FADD5383}.Release|Any CPU.ActiveCfg = Release|Any CPU
		{75EF1FDB-4067-4676-DB93-97C9FADD5383}.Release|Any CPU.Build.0 = Release|Any CPU
		{4BBB35BD-A480-6973-30CA-B320C1C43EB6}.Debug|Any CPU.ActiveCfg = Debug|Any CPU
		{4BBB35BD-A480-6973-30CA-B320C1C43EB6}.Debug|Any CPU.Build.0 = Debug|Any CPU
		{4BBB35BD-A480-6973-30CA-B320C1C43EB6}.Release|Any CPU.ActiveCfg = Release|Any CPU
		{4BBB35BD-A480-6973-30CA-B320C1C43EB6}.Release|Any CPU.Build.0 = Release|Any CPU
		{4EE7EC40-E2C1-62EF-A605-C5A1078A289A}.Debug|Any CPU.ActiveCfg = Debug|Any CPU
		{4EE7EC40-E2C1-62EF-A605-C5A1078A289A}.Debug|Any CPU.Build.0 = Debug|Any CPU
		{4EE7EC40-E2C1-62EF-A605-C5A1078A289A}.Release|Any CPU.ActiveCfg = Release|Any CPU
		{4EE7EC40-E2C1-62EF-A605-C5A1078A289A}.Release|Any CPU.Build.0 = Release|Any CPU
		{E8801BA8-6608-23D8-A555-678A908C80BE}.Debug|Any CPU.ActiveCfg = Debug|Any CPU
		{E8801BA8-6608-23D8-A555-678A908C80BE}.Debug|Any CPU.Build.0 = Debug|Any CPU
		{E8801BA8-6608-23D8-A555-678A908C80BE}.Release|Any CPU.ActiveCfg = Release|Any CPU
		{E8801BA8-6608-23D8-A555-678A908C80BE}.Release|Any CPU.Build.0 = Release|Any CPU
		{52150194-0F8C-5CFE-3AE6-4DD2950A08E8}.Debug|Any CPU.ActiveCfg = Debug|Any CPU
		{52150194-0F8C-5CFE-3AE6-4DD2950A08E8}.Debug|Any CPU.Build.0 = Debug|Any CPU
		{52150194-0F8C-5CFE-3AE6-4DD2950A08E8}.Release|Any CPU.ActiveCfg = Release|Any CPU
		{52150194-0F8C-5CFE-3AE6-4DD2950A08E8}.Release|Any CPU.Build.0 = Release|Any CPU
		{642578C6-C60F-18EF-0968-94AB494AD705}.Debug|Any CPU.ActiveCfg = Debug|Any CPU
		{642578C6-C60F-18EF-0968-94AB494AD705}.Debug|Any CPU.Build.0 = Debug|Any CPU
		{642578C6-C60F-18EF-0968-94AB494AD705}.Release|Any CPU.ActiveCfg = Release|Any CPU
		{642578C6-C60F-18EF-0968-94AB494AD705}.Release|Any CPU.Build.0 = Release|Any CPU
		{CB020F61-E8AE-45FA-D854-7EBA300462B4}.Debug|Any CPU.ActiveCfg = Debug|Any CPU
		{CB020F61-E8AE-45FA-D854-7EBA300462B4}.Debug|Any CPU.Build.0 = Debug|Any CPU
		{CB020F61-E8AE-45FA-D854-7EBA300462B4}.Release|Any CPU.ActiveCfg = Release|Any CPU
		{CB020F61-E8AE-45FA-D854-7EBA300462B4}.Release|Any CPU.Build.0 = Release|Any CPU
		{FDB6B9F8-3C1C-25A8-3CA1-73E73DFF441B}.Debug|Any CPU.ActiveCfg = Debug|Any CPU
		{FDB6B9F8-3C1C-25A8-3CA1-73E73DFF441B}.Debug|Any CPU.Build.0 = Debug|Any CPU
		{FDB6B9F8-3C1C-25A8-3CA1-73E73DFF441B}.Release|Any CPU.ActiveCfg = Release|Any CPU
		{FDB6B9F8-3C1C-25A8-3CA1-73E73DFF441B}.Release|Any CPU.Build.0 = Release|Any CPU
		{C19224A8-2427-0A1A-C001-3DF7088C6E15}.Debug|Any CPU.ActiveCfg = Debug|Any CPU
		{C19224A8-2427-0A1A-C001-3DF7088C6E15}.Debug|Any CPU.Build.0 = Debug|Any CPU
		{C19224A8-2427-0A1A-C001-3DF7088C6E15}.Release|Any CPU.ActiveCfg = Release|Any CPU
		{C19224A8-2427-0A1A-C001-3DF7088C6E15}.Release|Any CPU.Build.0 = Release|Any CPU
		{E1C35CBD-233C-20AE-9CD7-50F39C4857C9}.Debug|Any CPU.ActiveCfg = Debug|Any CPU
		{E1C35CBD-233C-20AE-9CD7-50F39C4857C9}.Debug|Any CPU.Build.0 = Debug|Any CPU
		{E1C35CBD-233C-20AE-9CD7-50F39C4857C9}.Release|Any CPU.ActiveCfg = Release|Any CPU
		{E1C35CBD-233C-20AE-9CD7-50F39C4857C9}.Release|Any CPU.Build.0 = Release|Any CPU
		{12EFDB5D-FD8A-3D2E-6193-00F923950765}.Debug|Any CPU.ActiveCfg = Debug|Any CPU
		{12EFDB5D-FD8A-3D2E-6193-00F923950765}.Debug|Any CPU.Build.0 = Debug|Any CPU
		{12EFDB5D-FD8A-3D2E-6193-00F923950765}.Release|Any CPU.ActiveCfg = Release|Any CPU
		{12EFDB5D-FD8A-3D2E-6193-00F923950765}.Release|Any CPU.Build.0 = Release|Any CPU
		{FC988D0A-4758-48E4-A5C7-172E0E147811}.Debug|Any CPU.ActiveCfg = Debug|Any CPU
		{FC988D0A-4758-48E4-A5C7-172E0E147811}.Debug|Any CPU.Build.0 = Debug|Any CPU
		{FC988D0A-4758-48E4-A5C7-172E0E147811}.Release|Any CPU.ActiveCfg = Release|Any CPU
		{FC988D0A-4758-48E4-A5C7-172E0E147811}.Release|Any CPU.Build.0 = Release|Any CPU
		{F7F74A10-30DB-7C78-0672-46345D24A76C}.Debug|Any CPU.ActiveCfg = Debug|Any CPU
		{F7F74A10-30DB-7C78-0672-46345D24A76C}.Debug|Any CPU.Build.0 = Debug|Any CPU
		{F7F74A10-30DB-7C78-0672-46345D24A76C}.Release|Any CPU.ActiveCfg = Release|Any CPU
		{F7F74A10-30DB-7C78-0672-46345D24A76C}.Release|Any CPU.Build.0 = Release|Any CPU
		{A64E779D-5F25-5E9F-D335-1571DE1A9B1B}.Debug|Any CPU.ActiveCfg = Debug|Any CPU
		{A64E779D-5F25-5E9F-D335-1571DE1A9B1B}.Debug|Any CPU.Build.0 = Debug|Any CPU
		{A64E779D-5F25-5E9F-D335-1571DE1A9B1B}.Release|Any CPU.ActiveCfg = Release|Any CPU
		{A64E779D-5F25-5E9F-D335-1571DE1A9B1B}.Release|Any CPU.Build.0 = Release|Any CPU
		{69DC4486-8CF5-9F2C-CBC3-F90FBC511B63}.Debug|Any CPU.ActiveCfg = Debug|Any CPU
		{69DC4486-8CF5-9F2C-CBC3-F90FBC511B63}.Debug|Any CPU.Build.0 = Debug|Any CPU
		{69DC4486-8CF5-9F2C-CBC3-F90FBC511B63}.Release|Any CPU.ActiveCfg = Release|Any CPU
		{69DC4486-8CF5-9F2C-CBC3-F90FBC511B63}.Release|Any CPU.Build.0 = Release|Any CPU
		{D725AC23-90EC-CC24-2C70-4A45A7D0BFD5}.Debug|Any CPU.ActiveCfg = Debug|Any CPU
		{D725AC23-90EC-CC24-2C70-4A45A7D0BFD5}.Debug|Any CPU.Build.0 = Debug|Any CPU
		{D725AC23-90EC-CC24-2C70-4A45A7D0BFD5}.Release|Any CPU.ActiveCfg = Release|Any CPU
		{D725AC23-90EC-CC24-2C70-4A45A7D0BFD5}.Release|Any CPU.Build.0 = Release|Any CPU
		{8E4C681B-4239-EEC1-BE04-2602CCB3C3D2}.Debug|Any CPU.ActiveCfg = Debug|Any CPU
		{8E4C681B-4239-EEC1-BE04-2602CCB3C3D2}.Debug|Any CPU.Build.0 = Debug|Any CPU
		{8E4C681B-4239-EEC1-BE04-2602CCB3C3D2}.Release|Any CPU.ActiveCfg = Release|Any CPU
		{8E4C681B-4239-EEC1-BE04-2602CCB3C3D2}.Release|Any CPU.Build.0 = Release|Any CPU
		{9A304209-6D4A-1615-BC69-9E3ABAF88BED}.Debug|Any CPU.ActiveCfg = Debug|Any CPU
		{9A304209-6D4A-1615-BC69-9E3ABAF88BED}.Debug|Any CPU.Build.0 = Debug|Any CPU
		{9A304209-6D4A-1615-BC69-9E3ABAF88BED}.Release|Any CPU.ActiveCfg = Release|Any CPU
		{9A304209-6D4A-1615-BC69-9E3ABAF88BED}.Release|Any CPU.Build.0 = Release|Any CPU
		{6C6DCB0E-34F1-03D4-DA72-EC36ADD778D5}.Debug|Any CPU.ActiveCfg = Debug|Any CPU
		{6C6DCB0E-34F1-03D4-DA72-EC36ADD778D5}.Debug|Any CPU.Build.0 = Debug|Any CPU
		{6C6DCB0E-34F1-03D4-DA72-EC36ADD778D5}.Release|Any CPU.ActiveCfg = Release|Any CPU
		{6C6DCB0E-34F1-03D4-DA72-EC36ADD778D5}.Release|Any CPU.Build.0 = Release|Any CPU
		{743E5715-5097-1454-5E77-8D4ECA2A0EAE}.Debug|Any CPU.ActiveCfg = Debug|Any CPU
		{743E5715-5097-1454-5E77-8D4ECA2A0EAE}.Debug|Any CPU.Build.0 = Debug|Any CPU
		{743E5715-5097-1454-5E77-8D4ECA2A0EAE}.Release|Any CPU.ActiveCfg = Release|Any CPU
		{743E5715-5097-1454-5E77-8D4ECA2A0EAE}.Release|Any CPU.Build.0 = Release|Any CPU
		{F870B8A4-E6B6-28BF-BDB0-9B8E4E6355BB}.Debug|Any CPU.ActiveCfg = Debug|Any CPU
		{F870B8A4-E6B6-28BF-BDB0-9B8E4E6355BB}.Debug|Any CPU.Build.0 = Debug|Any CPU
		{F870B8A4-E6B6-28BF-BDB0-9B8E4E6355BB}.Release|Any CPU.ActiveCfg = Release|Any CPU
		{F870B8A4-E6B6-28BF-BDB0-9B8E4E6355BB}.Release|Any CPU.Build.0 = Release|Any CPU
		{45C41B65-46C3-1110-EE40-5895EFA9BC02}.Debug|Any CPU.ActiveCfg = Debug|Any CPU
		{45C41B65-46C3-1110-EE40-5895EFA9BC02}.Debug|Any CPU.Build.0 = Debug|Any CPU
		{45C41B65-46C3-1110-EE40-5895EFA9BC02}.Release|Any CPU.ActiveCfg = Release|Any CPU
		{45C41B65-46C3-1110-EE40-5895EFA9BC02}.Release|Any CPU.Build.0 = Release|Any CPU
		{42E35444-C47D-0CF8-ED2C-AFEA0ED53536}.Debug|Any CPU.ActiveCfg = Debug|Any CPU
		{42E35444-C47D-0CF8-ED2C-AFEA0ED53536}.Debug|Any CPU.Build.0 = Debug|Any CPU
		{42E35444-C47D-0CF8-ED2C-AFEA0ED53536}.Release|Any CPU.ActiveCfg = Release|Any CPU
		{42E35444-C47D-0CF8-ED2C-AFEA0ED53536}.Release|Any CPU.Build.0 = Release|Any CPU
	EndGlobalSection
	GlobalSection(SolutionProperties) = preSolution
		HideSolutionNode = FALSE
	EndGlobalSection
EndGlobal
